// !$*UTF8*$!
{
	archiveVersion = 1;
	classes = {
	};
	objectVersion = 56;
	objects = {

/* Begin PBXBuildFile section */
		24DE8F304258B68E6FD032C1 /* ContentView.swift in Sources */ = {isa = PBXBuildFile; fileRef = 7DEBB9D9D1D2A27A8DB4F245 /* ContentView.swift */; };
		86420367537DF0FA95D0320A /* Libraries in Frameworks */ = {isa = PBXBuildFile; productRef = 453F06BC0B12A22FD2D7BDDC /* Libraries */; };
		C51294526E050C50E2652781 /* AImprovementApp.swift in Sources */ = {isa = PBXBuildFile; fileRef = FDF49B6714265BAE06D5F858 /* AImprovementApp.swift */; };
		EF9F8E472B758294005C594F /* CoFoSans-Black.ttf in Resources */ = {isa = PBXBuildFile; fileRef = EF9F8E442B758294005C594F /* CoFoSans-Black.ttf */; };
		EF9F8E482B758294005C594F /* CoFoSans-Bold.ttf in Resources */ = {isa = PBXBuildFile; fileRef = EF9F8E452B758294005C594F /* CoFoSans-Bold.ttf */; };
		EF9F8E492B758294005C594F /* CoFoSans-Regular.ttf in Resources */ = {isa = PBXBuildFile; fileRef = EF9F8E462B758294005C594F /* CoFoSans-Regular.ttf */; };
/* End PBXBuildFile section */

/* Begin PBXCopyFilesBuildPhase section */
		A68FEC6A08D88838CB14299C /* Embed Frameworks */ = {
			isa = PBXCopyFilesBuildPhase;
			buildActionMask = 2147483647;
			dstPath = "";
			dstSubfolderSpec = 10;
			files = (
			);
			name = "Embed Frameworks";
			runOnlyForDeploymentPostprocessing = 0;
		};
/* End PBXCopyFilesBuildPhase section */

/* Begin PBXFileReference section */
		34720F1204CC940F9B5C6B6A /* AImprovement.app */ = {isa = PBXFileReference; explicitFileType = wrapper.application; includeInIndex = 0; path = AImprovement.app; sourceTree = BUILT_PRODUCTS_DIR; };
		759D37E7AF7128821103C5CD /* Libraries */ = {isa = PBXFileReference; lastKnownFileType = folder; name = Libraries; path = AImprovement/Libraries; sourceTree = "<group>"; };
		7DEBB9D9D1D2A27A8DB4F245 /* ContentView.swift */ = {isa = PBXFileReference; lastKnownFileType = sourcecode.swift; path = ContentView.swift; sourceTree = "<group>"; };
		EB163E5B489A2C757DC7C6C7 /* AImprovement-Info.plist */ = {isa = PBXFileReference; lastKnownFileType = text.plist; path = "AImprovement-Info.plist"; sourceTree = "<group>"; };
		EF9F8E442B758294005C594F /* CoFoSans-Black.ttf */ = {isa = PBXFileReference; lastKnownFileType = file; path = "CoFoSans-Black.ttf"; sourceTree = "<group>"; };
		EF9F8E452B758294005C594F /* CoFoSans-Bold.ttf */ = {isa = PBXFileReference; lastKnownFileType = file; path = "CoFoSans-Bold.ttf"; sourceTree = "<group>"; };
		EF9F8E462B758294005C594F /* CoFoSans-Regular.ttf */ = {isa = PBXFileReference; lastKnownFileType = file; path = "CoFoSans-Regular.ttf"; sourceTree = "<group>"; };
		FDF49B6714265BAE06D5F858 /* AImprovementApp.swift */ = {isa = PBXFileReference; lastKnownFileType = sourcecode.swift; path = AImprovementApp.swift; sourceTree = "<group>"; };
/* End PBXFileReference section */

/* Begin PBXFrameworksBuildPhase section */
		6599C38868A6F1D4D7BF8B99 /* Frameworks */ = {
			isa = PBXFrameworksBuildPhase;
			buildActionMask = 2147483647;
			files = (
				86420367537DF0FA95D0320A /* Libraries in Frameworks */,
			);
			runOnlyForDeploymentPostprocessing = 0;
		};
/* End PBXFrameworksBuildPhase section */

/* Begin PBXGroup section */
		0D331993062E40FB38B17C29 = {
			isa = PBXGroup;
			children = (
				A57D0B132D3EE037B4C4F33F /* Project */,
				E3A56C0976A9DCE9707954E3 /* Compiled */,
				50BEAB3D7621D72AC1AA09B1 /* Products */,
				759D37E7AF7128821103C5CD /* Libraries */,
			);
			sourceTree = "<group>";
		};
		50BEAB3D7621D72AC1AA09B1 /* Products */ = {
			isa = PBXGroup;
			children = (
				34720F1204CC940F9B5C6B6A /* AImprovement.app */,
			);
			name = Products;
			sourceTree = "<group>";
		};
		5DCDCAA441C3761097056DF8 /* InfoPlists */ = {
			isa = PBXGroup;
			children = (
				EB163E5B489A2C757DC7C6C7 /* AImprovement-Info.plist */,
			);
			path = InfoPlists;
			sourceTree = "<group>";
		};
		9C92F16AFF6AF6449DABE005 /* AImprovement */ = {
			isa = PBXGroup;
			children = (
				EF9F8E422B75827D005C594F /* Resources */,
				B73411F7182B36A4ABECC19C /* Sources */,
			);
			path = AImprovement;
			sourceTree = "<group>";
		};
		A57D0B132D3EE037B4C4F33F /* Project */ = {
			isa = PBXGroup;
			children = (
				9C92F16AFF6AF6449DABE005 /* AImprovement */,
				EC3405D61392F61791092102 /* Derived */,
			);
			name = Project;
			sourceTree = "<group>";
		};
		B73411F7182B36A4ABECC19C /* Sources */ = {
			isa = PBXGroup;
			children = (
				FDF49B6714265BAE06D5F858 /* AImprovementApp.swift */,
				7DEBB9D9D1D2A27A8DB4F245 /* ContentView.swift */,
			);
			path = Sources;
			sourceTree = "<group>";
		};
		E3A56C0976A9DCE9707954E3 /* Compiled */ = {
			isa = PBXGroup;
			children = (
			);
			name = Compiled;
			sourceTree = "<group>";
		};
		EC3405D61392F61791092102 /* Derived */ = {
			isa = PBXGroup;
			children = (
				5DCDCAA441C3761097056DF8 /* InfoPlists */,
			);
			path = Derived;
			sourceTree = "<group>";
		};
		EF9F8E422B75827D005C594F /* Resources */ = {
			isa = PBXGroup;
			children = (
				EF9F8E432B758289005C594F /* Fonts */,
			);
			path = Resources;
			sourceTree = "<group>";
		};
		EF9F8E432B758289005C594F /* Fonts */ = {
			isa = PBXGroup;
			children = (
				EF9F8E442B758294005C594F /* CoFoSans-Black.ttf */,
				EF9F8E452B758294005C594F /* CoFoSans-Bold.ttf */,
				EF9F8E462B758294005C594F /* CoFoSans-Regular.ttf */,
			);
			path = Fonts;
			sourceTree = "<group>";
		};
/* End PBXGroup section */

/* Begin PBXNativeTarget section */
		40621C39BF50A787109B5AFC /* AImprovement */ = {
			isa = PBXNativeTarget;
			buildConfigurationList = 1DC1D56664790C3B37B335F4 /* Build configuration list for PBXNativeTarget "AImprovement" */;
			buildPhases = (
				0637DB292D2166F324D8C69C /* Sources */,
				766D02F3EACCE587B8711F20 /* Resources */,
				A68FEC6A08D88838CB14299C /* Embed Frameworks */,
				6599C38868A6F1D4D7BF8B99 /* Frameworks */,
			);
			buildRules = (
			);
			dependencies = (
			);
			name = AImprovement;
			packageProductDependencies = (
				453F06BC0B12A22FD2D7BDDC /* Libraries */,
			);
			productName = AImprovement;
			productReference = 34720F1204CC940F9B5C6B6A /* AImprovement.app */;
			productType = "com.apple.product-type.application";
		};
/* End PBXNativeTarget section */

/* Begin PBXProject section */
		AC45564E2AFF051B50622D8D /* Project object */ = {
			isa = PBXProject;
			attributes = {
				BuildIndependentTargetsInParallel = YES;
				ORGANIZATIONNAME = FCS;
			};
			buildConfigurationList = 8DA82007B3159AA4FD26DB60 /* Build configuration list for PBXProject "AImprovement" */;
			compatibilityVersion = "Xcode 14.0";
			developmentRegion = en;
			hasScannedForEncodings = 0;
			knownRegions = (
				Base,
				en,
			);
			mainGroup = 0D331993062E40FB38B17C29;
			productRefGroup = 50BEAB3D7621D72AC1AA09B1 /* Products */;
			projectDirPath = "";
			projectRoot = "";
			targets = (
				40621C39BF50A787109B5AFC /* AImprovement */,
			);
		};
/* End PBXProject section */

/* Begin PBXResourcesBuildPhase section */
		766D02F3EACCE587B8711F20 /* Resources */ = {
			isa = PBXResourcesBuildPhase;
			buildActionMask = 2147483647;
			files = (
				EF9F8E472B758294005C594F /* CoFoSans-Black.ttf in Resources */,
				EF9F8E482B758294005C594F /* CoFoSans-Bold.ttf in Resources */,
				EF9F8E492B758294005C594F /* CoFoSans-Regular.ttf in Resources */,
			);
			runOnlyForDeploymentPostprocessing = 0;
		};
/* End PBXResourcesBuildPhase section */

/* Begin PBXSourcesBuildPhase section */
		0637DB292D2166F324D8C69C /* Sources */ = {
			isa = PBXSourcesBuildPhase;
			buildActionMask = 2147483647;
			files = (
				C51294526E050C50E2652781 /* AImprovementApp.swift in Sources */,
				24DE8F304258B68E6FD032C1 /* ContentView.swift in Sources */,
			);
			runOnlyForDeploymentPostprocessing = 0;
		};
/* End PBXSourcesBuildPhase section */

/* Begin XCBuildConfiguration section */
		60A4C4F290DCAAD132415A0A /* Debug */ = {
			isa = XCBuildConfiguration;
			buildSettings = {
				ALWAYS_SEARCH_USER_PATHS = NO;
				CLANG_ANALYZER_LOCALIZABILITY_NONLOCALIZED = YES;
				CLANG_ANALYZER_NONNULL = YES;
				CLANG_ANALYZER_NUMBER_OBJECT_CONVERSION = YES_AGGRESSIVE;
				CLANG_CXX_LANGUAGE_STANDARD = "gnu++14";
				CLANG_CXX_LIBRARY = "libc++";
				CLANG_ENABLE_MODULES = YES;
				CLANG_ENABLE_OBJC_ARC = YES;
				CLANG_ENABLE_OBJC_WEAK = YES;
				CLANG_WARN_BLOCK_CAPTURE_AUTORELEASING = YES;
				CLANG_WARN_BOOL_CONVERSION = YES;
				CLANG_WARN_COMMA = YES;
				CLANG_WARN_CONSTANT_CONVERSION = YES;
				CLANG_WARN_DEPRECATED_OBJC_IMPLEMENTATIONS = YES;
				CLANG_WARN_DIRECT_OBJC_ISA_USAGE = YES_ERROR;
				CLANG_WARN_DOCUMENTATION_COMMENTS = YES;
				CLANG_WARN_EMPTY_BODY = YES;
				CLANG_WARN_ENUM_CONVERSION = YES;
				CLANG_WARN_INFINITE_RECURSION = YES;
				CLANG_WARN_INT_CONVERSION = YES;
				CLANG_WARN_NON_LITERAL_NULL_CONVERSION = YES;
				CLANG_WARN_OBJC_IMPLICIT_RETAIN_SELF = YES;
				CLANG_WARN_OBJC_LITERAL_CONVERSION = YES;
				CLANG_WARN_OBJC_ROOT_CLASS = YES_ERROR;
				CLANG_WARN_QUOTED_INCLUDE_IN_FRAMEWORK_HEADER = YES;
				CLANG_WARN_RANGE_LOOP_ANALYSIS = YES;
				CLANG_WARN_STRICT_PROTOTYPES = YES;
				CLANG_WARN_SUSPICIOUS_MOVE = YES;
				CLANG_WARN_UNGUARDED_AVAILABILITY = YES_AGGRESSIVE;
				CLANG_WARN_UNREACHABLE_CODE = YES;
				CLANG_WARN__DUPLICATE_METHOD_MATCH = YES;
				COPY_PHASE_STRIP = NO;
				DEAD_CODE_STRIPPING = YES;
				DEBUG_INFORMATION_FORMAT = dwarf;
				ENABLE_STRICT_OBJC_MSGSEND = YES;
				ENABLE_TESTABILITY = YES;
				GCC_C_LANGUAGE_STANDARD = gnu11;
				GCC_DYNAMIC_NO_PIC = NO;
				GCC_NO_COMMON_BLOCKS = YES;
				GCC_OPTIMIZATION_LEVEL = 0;
				GCC_PREPROCESSOR_DEFINITIONS = (
					"DEBUG=1",
					"$(inherited)",
				);
				GCC_WARN_64_TO_32_BIT_CONVERSION = YES;
				GCC_WARN_ABOUT_RETURN_TYPE = YES_ERROR;
				GCC_WARN_UNDECLARED_SELECTOR = YES;
				GCC_WARN_UNINITIALIZED_AUTOS = YES_AGGRESSIVE;
				GCC_WARN_UNUSED_FUNCTION = YES;
				GCC_WARN_UNUSED_VARIABLE = YES;
				MTL_ENABLE_DEBUG_INFO = YES;
				ONLY_ACTIVE_ARCH = YES;
				PRODUCT_NAME = "$(TARGET_NAME)";
			};
			name = Debug;
		};
		8215E81A3AD99349A4E9F641 /* Release */ = {
			isa = XCBuildConfiguration;
			buildSettings = {
				ALWAYS_SEARCH_USER_PATHS = NO;
				CLANG_ANALYZER_LOCALIZABILITY_NONLOCALIZED = YES;
				CLANG_ANALYZER_NONNULL = YES;
				CLANG_ANALYZER_NUMBER_OBJECT_CONVERSION = YES_AGGRESSIVE;
				CLANG_CXX_LANGUAGE_STANDARD = "gnu++14";
				CLANG_CXX_LIBRARY = "libc++";
				CLANG_ENABLE_MODULES = YES;
				CLANG_ENABLE_OBJC_ARC = YES;
				CLANG_ENABLE_OBJC_WEAK = YES;
				CLANG_WARN_BLOCK_CAPTURE_AUTORELEASING = YES;
				CLANG_WARN_BOOL_CONVERSION = YES;
				CLANG_WARN_COMMA = YES;
				CLANG_WARN_CONSTANT_CONVERSION = YES;
				CLANG_WARN_DEPRECATED_OBJC_IMPLEMENTATIONS = YES;
				CLANG_WARN_DIRECT_OBJC_ISA_USAGE = YES_ERROR;
				CLANG_WARN_DOCUMENTATION_COMMENTS = YES;
				CLANG_WARN_EMPTY_BODY = YES;
				CLANG_WARN_ENUM_CONVERSION = YES;
				CLANG_WARN_INFINITE_RECURSION = YES;
				CLANG_WARN_INT_CONVERSION = YES;
				CLANG_WARN_NON_LITERAL_NULL_CONVERSION = YES;
				CLANG_WARN_OBJC_IMPLICIT_RETAIN_SELF = YES;
				CLANG_WARN_OBJC_LITERAL_CONVERSION = YES;
				CLANG_WARN_OBJC_ROOT_CLASS = YES_ERROR;
				CLANG_WARN_QUOTED_INCLUDE_IN_FRAMEWORK_HEADER = YES;
				CLANG_WARN_RANGE_LOOP_ANALYSIS = YES;
				CLANG_WARN_STRICT_PROTOTYPES = YES;
				CLANG_WARN_SUSPICIOUS_MOVE = YES;
				CLANG_WARN_UNGUARDED_AVAILABILITY = YES_AGGRESSIVE;
				CLANG_WARN_UNREACHABLE_CODE = YES;
				CLANG_WARN__DUPLICATE_METHOD_MATCH = YES;
				COPY_PHASE_STRIP = NO;
				DEAD_CODE_STRIPPING = YES;
				DEBUG_INFORMATION_FORMAT = "dwarf-with-dsym";
				ENABLE_NS_ASSERTIONS = NO;
				ENABLE_STRICT_OBJC_MSGSEND = YES;
				GCC_C_LANGUAGE_STANDARD = gnu11;
				GCC_NO_COMMON_BLOCKS = YES;
				GCC_WARN_64_TO_32_BIT_CONVERSION = YES;
				GCC_WARN_ABOUT_RETURN_TYPE = YES_ERROR;
				GCC_WARN_UNDECLARED_SELECTOR = YES;
				GCC_WARN_UNINITIALIZED_AUTOS = YES_AGGRESSIVE;
				GCC_WARN_UNUSED_FUNCTION = YES;
				GCC_WARN_UNUSED_VARIABLE = YES;
				MTL_ENABLE_DEBUG_INFO = NO;
				PRODUCT_NAME = "$(TARGET_NAME)";
				VALIDATE_PRODUCT = YES;
			};
			name = Release;
		};
		8566BFB7440B2B22F1A6F1B9 /* Release */ = {
			isa = XCBuildConfiguration;
			buildSettings = {
				ASSETCATALOG_COMPILER_APPICON_NAME = AppIcon;
				CODE_SIGN_IDENTITY = "iPhone Developer";
				ENABLE_PREVIEWS = YES;
				INFOPLIST_FILE = "Derived/InfoPlists/AImprovement-Info.plist";
				IPHONEOS_DEPLOYMENT_TARGET = 16.0;
				LD_RUNPATH_SEARCH_PATHS = (
					"$(inherited)",
					"@executable_path/Frameworks",
				);
				PRODUCT_BUNDLE_IDENTIFIER = fcs.aimprovement;
				PRODUCT_NAME = AImprovement;
				SDKROOT = iphoneos;
				SUPPORTS_MACCATALYST = NO;
				SUPPORTS_MAC_DESIGNED_FOR_IPHONE_IPAD = NO;
				SUPPORTS_XR_DESIGNED_FOR_IPHONE_IPAD = NO;
				SWIFT_COMPILATION_MODE = wholemodule;
				SWIFT_OPTIMIZATION_LEVEL = "-Owholemodule";
				SWIFT_VERSION = 5.0;
				TARGETED_DEVICE_FAMILY = 1;
			};
			name = Release;
		};
		BAA740FBA5C0D1662D50EF78 /* Debug */ = {
			isa = XCBuildConfiguration;
			buildSettings = {
				ASSETCATALOG_COMPILER_APPICON_NAME = AppIcon;
				CODE_SIGN_IDENTITY = "iPhone Developer";
				ENABLE_PREVIEWS = YES;
				INFOPLIST_FILE = "Derived/InfoPlists/AImprovement-Info.plist";
				IPHONEOS_DEPLOYMENT_TARGET = 16.0;
				LD_RUNPATH_SEARCH_PATHS = (
					"$(inherited)",
					"@executable_path/Frameworks",
				);
				PRODUCT_BUNDLE_IDENTIFIER = fcs.aimprovement;
				PRODUCT_NAME = AImprovement;
				SDKROOT = iphoneos;
				SUPPORTS_MACCATALYST = NO;
				SUPPORTS_MAC_DESIGNED_FOR_IPHONE_IPAD = NO;
				SUPPORTS_XR_DESIGNED_FOR_IPHONE_IPAD = NO;
				SWIFT_ACTIVE_COMPILATION_CONDITIONS = DEBUG;
				SWIFT_COMPILATION_MODE = singlefile;
				SWIFT_OPTIMIZATION_LEVEL = "-Onone";
				SWIFT_VERSION = 5.0;
				TARGETED_DEVICE_FAMILY = 1;
			};
			name = Debug;
		};
/* End XCBuildConfiguration section */

/* Begin XCConfigurationList section */
		1DC1D56664790C3B37B335F4 /* Build configuration list for PBXNativeTarget "AImprovement" */ = {
			isa = XCConfigurationList;
			buildConfigurations = (
				BAA740FBA5C0D1662D50EF78 /* Debug */,
				8566BFB7440B2B22F1A6F1B9 /* Release */,
			);
			defaultConfigurationIsVisible = 0;
			defaultConfigurationName = Release;
		};
		8DA82007B3159AA4FD26DB60 /* Build configuration list for PBXProject "AImprovement" */ = {
			isa = XCConfigurationList;
			buildConfigurations = (
				60A4C4F290DCAAD132415A0A /* Debug */,
				8215E81A3AD99349A4E9F641 /* Release */,
			);
			defaultConfigurationIsVisible = 0;
			defaultConfigurationName = Release;
		};
/* End XCConfigurationList section */

/* Begin XCSwiftPackageProductDependency section */
		453F06BC0B12A22FD2D7BDDC /* Libraries */ = {
			isa = XCSwiftPackageProductDependency;
			productName = Libraries;
		};
/* End XCSwiftPackageProductDependency section */
	};
	rootObject = AC45564E2AFF051B50622D8D /* Project object */;
}
